
Microsoft Visual Studio Solution File, Format Version 12.00
# Visual Studio Version 17
VisualStudioVersion = 17.13.35828.75 d17.13
MinimumVisualStudioVersion = 10.0.40219.1
Project("{FAE04EC0-301F-11D3-BF4B-00C04F79EFBC}") = "StocksEnchange.API", "StocksEnchange.API.csproj", "{FF1056B5-187E-4F4C-913F-AAC57F6982ED}"
EndProject
Global
	GlobalSection(SolutionConfigurationPlatforms) = preSolution
		Debug|Any CPU = Debug|Any CPU
		Release|Any CPU = Release|Any CPU
	EndGlobalSection
	GlobalSection(ProjectConfigurationPlatforms) = postSolution
		{FF1056B5-187E-4F4C-913F-AAC57F6982ED}.Debug|Any CPU.ActiveCfg = Debug|Any CPU
		{FF1056B5-187E-4F4C-913F-AAC57F6982ED}.Debug|Any CPU.Build.0 = Debug|Any CPU
		{FF1056B5-187E-4F4C-913F-AAC57F6982ED}.Release|Any CPU.ActiveCfg = Release|Any CPU
		{FF1056B5-187E-4F4C-913F-AAC57F6982ED}.Release|Any CPU.Build.0 = Release|Any CPU
	EndGlobalSection
	GlobalSection(SolutionProperties) = preSolution
		HideSolutionNode = FALSE
	EndGlobalSection
	GlobalSection(ExtensibilityGlobals) = postSolution
		SolutionGuid = {123846E5-7FFD-45E3-9097-535982BA05F2}
	EndGlobalSection
EndGlobal
